
Microsoft Visual Studio Solution File, Format Version 12.00
# Visual Studio Version 16
VisualStudioVersion = 16.0.31424.327
MinimumVisualStudioVersion = 10.0.40219.1
Project("{FAE04EC0-301F-11D3-BF4B-00C04F79EFBC}") = "My-Books", "My-Books\My-Books.csproj", "{7BCB07BC-D98E-4AD9-A237-8F4778121282}"
EndProject
Global
	GlobalSection(SolutionConfigurationPlatforms) = preSolution
		Debug|Any CPU = Debug|Any CPU
		Release|Any CPU = Release|Any CPU
	EndGlobalSection
	GlobalSection(ProjectConfigurationPlatforms) = postSolution
		{7BCB07BC-D98E-4AD9-A237-8F4778121282}.Debug|Any CPU.ActiveCfg = Debug|Any CPU
		{7BCB07BC-D98E-4AD9-A237-8F4778121282}.Debug|Any CPU.Build.0 = Debug|Any CPU
		{7BCB07BC-D98E-4AD9-A237-8F4778121282}.Release|Any CPU.ActiveCfg = Release|Any CPU
		{7BCB07BC-D98E-4AD9-A237-8F4778121282}.Release|Any CPU.Build.0 = Release|Any CPU
	EndGlobalSection
	GlobalSection(SolutionProperties) = preSolution
		HideSolutionNode = FALSE
	EndGlobalSection
	GlobalSection(ExtensibilityGlobals) = postSolution
		SolutionGuid = {6894A65F-7776-4B55-9C0E-7EEF8ECB1F06}
	EndGlobalSection
EndGlobal
